
Microsoft Visual Studio Solution File, Format Version 12.00
# Visual Studio 15
VisualStudioVersion = 15.0.27428.2043
MinimumVisualStudioVersion = 10.0.40219.1
Project("{D2ABAB84-BF74-430A-B69E-9DC6D40DDA17}") = "ExImUa", "ExImUa.dwproj", "{F2B56C0F-9D74-400E-9FB9-0124E28BD02F}"
EndProject
Global
	GlobalSection(SolutionConfigurationPlatforms) = preSolution
		Development|Default = Development|Default
	EndGlobalSection
	GlobalSection(ProjectConfigurationPlatforms) = postSolution
		{F2B56C0F-9D74-400E-9FB9-0124E28BD02F}.Development|Default.ActiveCfg = Development
		{F2B56C0F-9D74-400E-9FB9-0124E28BD02F}.Development|Default.Build.0 = Development
		{F2B56C0F-9D74-400E-9FB9-0124E28BD02F}.Development|Default.Deploy.0 = Development
	EndGlobalSection
	GlobalSection(SolutionProperties) = preSolution
		HideSolutionNode = FALSE
	EndGlobalSection
	GlobalSection(ExtensibilityGlobals) = postSolution
		SolutionGuid = {58187189-7DF6-4DE6-8EF4-ADBF937A532A}
	EndGlobalSection
EndGlobal
