
Microsoft Visual Studio Solution File, Format Version 12.00
# Visual Studio 15
VisualStudioVersion = 15.0.27428.2043
MinimumVisualStudioVersion = 10.0.40219.1
Project("{F14B399A-7131-4C87-9E4B-1186C45EF12D}") = "Test", "Test\Test.rptproj", "{DFA1ABAD-28B4-4542-B044-BE5EE4AABB9F}"
EndProject
Global
	GlobalSection(SolutionConfigurationPlatforms) = preSolution
		Debug|Default = Debug|Default
		DebugLocal|Default = DebugLocal|Default
		Release|Default = Release|Default
	EndGlobalSection
	GlobalSection(ProjectConfigurationPlatforms) = postSolution
		{DFA1ABAD-28B4-4542-B044-BE5EE4AABB9F}.Debug|Default.ActiveCfg = Debug
		{DFA1ABAD-28B4-4542-B044-BE5EE4AABB9F}.Debug|Default.Build.0 = Debug
		{DFA1ABAD-28B4-4542-B044-BE5EE4AABB9F}.Debug|Default.Deploy.0 = Debug
		{DFA1ABAD-28B4-4542-B044-BE5EE4AABB9F}.DebugLocal|Default.ActiveCfg = DebugLocal
		{DFA1ABAD-28B4-4542-B044-BE5EE4AABB9F}.DebugLocal|Default.Build.0 = DebugLocal
		{DFA1ABAD-28B4-4542-B044-BE5EE4AABB9F}.Release|Default.ActiveCfg = Release
		{DFA1ABAD-28B4-4542-B044-BE5EE4AABB9F}.Release|Default.Build.0 = Release
		{DFA1ABAD-28B4-4542-B044-BE5EE4AABB9F}.Release|Default.Deploy.0 = Release
	EndGlobalSection
	GlobalSection(SolutionProperties) = preSolution
		HideSolutionNode = FALSE
	EndGlobalSection
	GlobalSection(ExtensibilityGlobals) = postSolution
		SolutionGuid = {80994DEF-CBA9-4A18-9CFC-3A28B2022E32}
	EndGlobalSection
EndGlobal
