
Microsoft Visual Studio Solution File, Format Version 12.00
# Visual Studio Version 16
VisualStudioVersion = 16.0.34114.132
MinimumVisualStudioVersion = 10.0.40219.1
Project("{C9674DCB-5085-4A16-B785-4C70DD1589BD}") = "UpdateFrom1C", "SSIS\UpdateFrom1C\UpdateFrom1C.dtproj", "{CD35A05D-5410-4A12-AA7D-5FE5BD6BC823}"
EndProject
Project("{159641D6-6404-4A2A-AE62-294DE0FE8301}") = "UpdatePackages", "SSIS\UpdatePackages\UpdatePackages.dtproj", "{3A53130A-A239-4FD5-9B19-B0E4BFF5EF55}"
EndProject
Project("{F14B399A-7131-4C87-9E4B-1186C45EF12D}") = "Внутренние отчеты", "REPORTS\Внутренние отчеты\Внутренние отчеты.rptproj", "{CCCB5E8B-5B27-40A7-8553-96A0BFD483FB}"
EndProject
Project("{F14B399A-7131-4C87-9E4B-1186C45EF12D}") = "Оперативная отчетность", "REPORTS\Оперативная отчетность\Оперативная отчетность.rptproj", "{9F5FB341-B7C5-41AB-8566-ABD43DF5985A}"
EndProject
Project("{F14B399A-7131-4C87-9E4B-1186C45EF12D}") = "Отчеты БКК", "REPORTS\Отчеты БКК\Отчеты БКК.rptproj", "{21070F15-6609-49D1-8346-F20CD8FEAD30}"
EndProject
Project("{F14B399A-7131-4C87-9E4B-1186C45EF12D}") = "Отчеты для пользователей", "REPORTS\Отчеты для пользователей\Отчеты для пользователей.rptproj", "{44C53AAB-6463-4473-88D2-F25568A95158}"
EndProject
Project("{D2ABAB84-BF74-430A-B69E-9DC6D40DDA17}") = "Profitability", "OLAP\Profitability\Profitability.dwproj", "{F8F001E6-DE12-493C-8045-F3C29EA1E669}"
EndProject
Project("{C9674DCB-5085-4A16-B785-4C70DD1589BD}") = "MaintenanceCube", "SSIS\MaintenanceCube\MaintenanceCube.dtproj", "{9B88BA6E-FE24-4D84-AEBD-BA8D5435601A}"
EndProject
Project("{F14B399A-7131-4C87-9E4B-1186C45EF12D}") = "Отчеты для пользователей для GoogleDisc", "REPORTS\Отчеты для пользователей для GoogleDisc\Отчеты для пользователей для GoogleDisc.rptproj", "{42E97F2E-0EC5-4C0D-8C02-CC3D2156D265}"
EndProject
Project("{F14B399A-7131-4C87-9E4B-1186C45EF12D}") = "Test", "REPORTS\Test\Test.rptproj", "{183D80C2-4D6B-4993-A301-E6DAC2104295}"
EndProject
Project("{D2ABAB84-BF74-430A-B69E-9DC6D40DDA17}") = "ExImUa", "OLAP\ExImUa\ExImUa.dwproj", "{49E982CA-24B6-4B34-B4EB-2E4C0958E0C9}"
EndProject
Project("{D2ABAB84-BF74-430A-B69E-9DC6D40DDA17}") = "CompetitorsBuySell", "OLAP\CompetitorsBuySell\CompetitorsBuySell.dwproj", "{E8D1CC80-125F-4892-A7A1-B05E31FC21E7}"
EndProject
Project("{D2ABAB84-BF74-430A-B69E-9DC6D40DDA17}") = "OLAP_ORDERS_AND_SALES", "OLAP\OLAP_ORDERS_AND_SALES\OLAP_ORDERS_AND_SALES.dwproj", "{35B5CB0D-AB6E-4E02-9B1F-B223BA32B231}"
EndProject
Project("{D2ABAB84-BF74-430A-B69E-9DC6D40DDA17}") = "PromoEfficiency", "OLAP\PromoEfficiency\PromoEfficiency\PromoEfficiency.dwproj", "{DD639229-CA27-4F36-9447-C55C871AC982}"
EndProject
Project("{F14B399A-7131-4C87-9E4B-1186C45EF12D}") = "ProgramReports", "REPORTS\ProgramReports\ProgramReports.rptproj", "{71F02ED4-6A10-4D3A-A2A1-DA1BACF5606D}"
EndProject
Project("{D2ABAB84-BF74-430A-B69E-9DC6D40DDA17}") = "OLAP_DEV_SALES", "OLAP\OLAP_DEV\OLAP_DEV_SALES\OLAP_DEV_SALES.dwproj", "{129FE923-CB22-4671-BEDC-9552BA15CFEE}"
EndProject
Project("{D2ABAB84-BF74-430A-B69E-9DC6D40DDA17}") = "PromoEfficiency_DEV", "OLAP\PromoEfficiency_DEV\PromoEfficiency_DEV\PromoEfficiency_DEV.dwproj", "{5DD9BD6B-CB36-4515-B9E7-07C50C4525E5}"
EndProject
Project("{D2ABAB84-BF74-430A-B69E-9DC6D40DDA17}") = "ForecastFactSales_DEV", "OLAP\ForecastFactSales_DEV\ForecastFactSales_DEV\ForecastFactSales_DEV.dwproj", "{9CE9AD4C-12DE-4B3F-BB48-08FE753594E7}"
EndProject
Project("{D2ABAB84-BF74-430A-B69E-9DC6D40DDA17}") = "ForecastRawMaterialNeeds", "OLAP\ForecastRawMaterialNeeds\ForecastRawMaterialNeeds\ForecastRawMaterialNeeds.dwproj", "{5542B1A2-2248-44F5-AE1C-B3463D6AC06D}"
EndProject
Project("{D2ABAB84-BF74-430A-B69E-9DC6D40DDA17}") = "Representation", "OLAP\Representation\Representation\Representation.dwproj", "{897A9CA8-A640-4C06-B0A7-684028512FF0}"
EndProject
Global
	GlobalSection(SolutionConfigurationPlatforms) = preSolution
		Debug|Any CPU = Debug|Any CPU
		DebugLocal|Any CPU = DebugLocal|Any CPU
		Development|Any CPU = Development|Any CPU
		Release|Any CPU = Release|Any CPU
	EndGlobalSection
	GlobalSection(ProjectConfigurationPlatforms) = postSolution
		{CD35A05D-5410-4A12-AA7D-5FE5BD6BC823}.Debug|Any CPU.ActiveCfg = Development
		{CD35A05D-5410-4A12-AA7D-5FE5BD6BC823}.DebugLocal|Any CPU.ActiveCfg = Development
		{CD35A05D-5410-4A12-AA7D-5FE5BD6BC823}.Development|Any CPU.ActiveCfg = Development
		{CD35A05D-5410-4A12-AA7D-5FE5BD6BC823}.Release|Any CPU.ActiveCfg = Development
		{3A53130A-A239-4FD5-9B19-B0E4BFF5EF55}.Debug|Any CPU.ActiveCfg = Development
		{3A53130A-A239-4FD5-9B19-B0E4BFF5EF55}.DebugLocal|Any CPU.ActiveCfg = Development
		{3A53130A-A239-4FD5-9B19-B0E4BFF5EF55}.Development|Any CPU.ActiveCfg = Development
		{3A53130A-A239-4FD5-9B19-B0E4BFF5EF55}.Release|Any CPU.ActiveCfg = Development
		{CCCB5E8B-5B27-40A7-8553-96A0BFD483FB}.Debug|Any CPU.ActiveCfg = Debug
		{CCCB5E8B-5B27-40A7-8553-96A0BFD483FB}.DebugLocal|Any CPU.ActiveCfg = DebugLocal
		{CCCB5E8B-5B27-40A7-8553-96A0BFD483FB}.Development|Any CPU.ActiveCfg = 
		{CCCB5E8B-5B27-40A7-8553-96A0BFD483FB}.Release|Any CPU.ActiveCfg = Release
		{9F5FB341-B7C5-41AB-8566-ABD43DF5985A}.Debug|Any CPU.ActiveCfg = Debug
		{9F5FB341-B7C5-41AB-8566-ABD43DF5985A}.DebugLocal|Any CPU.ActiveCfg = DebugLocal
		{9F5FB341-B7C5-41AB-8566-ABD43DF5985A}.Development|Any CPU.ActiveCfg = 
		{9F5FB341-B7C5-41AB-8566-ABD43DF5985A}.Release|Any CPU.ActiveCfg = Release
		{21070F15-6609-49D1-8346-F20CD8FEAD30}.Debug|Any CPU.ActiveCfg = Debug
		{21070F15-6609-49D1-8346-F20CD8FEAD30}.DebugLocal|Any CPU.ActiveCfg = DebugLocal
		{21070F15-6609-49D1-8346-F20CD8FEAD30}.Development|Any CPU.ActiveCfg = 
		{21070F15-6609-49D1-8346-F20CD8FEAD30}.Release|Any CPU.ActiveCfg = Release
		{44C53AAB-6463-4473-88D2-F25568A95158}.Debug|Any CPU.ActiveCfg = Debug
		{44C53AAB-6463-4473-88D2-F25568A95158}.DebugLocal|Any CPU.ActiveCfg = DebugLocal
		{44C53AAB-6463-4473-88D2-F25568A95158}.Development|Any CPU.ActiveCfg = 
		{44C53AAB-6463-4473-88D2-F25568A95158}.Release|Any CPU.ActiveCfg = Release
		{F8F001E6-DE12-493C-8045-F3C29EA1E669}.Debug|Any CPU.ActiveCfg = Development
		{F8F001E6-DE12-493C-8045-F3C29EA1E669}.DebugLocal|Any CPU.ActiveCfg = Development
		{F8F001E6-DE12-493C-8045-F3C29EA1E669}.Development|Any CPU.ActiveCfg = Development
		{F8F001E6-DE12-493C-8045-F3C29EA1E669}.Release|Any CPU.ActiveCfg = Development
		{9B88BA6E-FE24-4D84-AEBD-BA8D5435601A}.Debug|Any CPU.ActiveCfg = Development
		{9B88BA6E-FE24-4D84-AEBD-BA8D5435601A}.DebugLocal|Any CPU.ActiveCfg = Development
		{9B88BA6E-FE24-4D84-AEBD-BA8D5435601A}.Development|Any CPU.ActiveCfg = Development
		{9B88BA6E-FE24-4D84-AEBD-BA8D5435601A}.Release|Any CPU.ActiveCfg = Development
		{42E97F2E-0EC5-4C0D-8C02-CC3D2156D265}.Debug|Any CPU.ActiveCfg = Debug
		{42E97F2E-0EC5-4C0D-8C02-CC3D2156D265}.DebugLocal|Any CPU.ActiveCfg = DebugLocal
		{42E97F2E-0EC5-4C0D-8C02-CC3D2156D265}.Development|Any CPU.ActiveCfg = 
		{42E97F2E-0EC5-4C0D-8C02-CC3D2156D265}.Release|Any CPU.ActiveCfg = Release
		{183D80C2-4D6B-4993-A301-E6DAC2104295}.Debug|Any CPU.ActiveCfg = Debug
		{183D80C2-4D6B-4993-A301-E6DAC2104295}.DebugLocal|Any CPU.ActiveCfg = DebugLocal
		{183D80C2-4D6B-4993-A301-E6DAC2104295}.Development|Any CPU.ActiveCfg = DebugLocal
		{183D80C2-4D6B-4993-A301-E6DAC2104295}.Release|Any CPU.ActiveCfg = Release
		{49E982CA-24B6-4B34-B4EB-2E4C0958E0C9}.Debug|Any CPU.ActiveCfg = Development
		{49E982CA-24B6-4B34-B4EB-2E4C0958E0C9}.DebugLocal|Any CPU.ActiveCfg = Development
		{49E982CA-24B6-4B34-B4EB-2E4C0958E0C9}.Development|Any CPU.ActiveCfg = Development
		{49E982CA-24B6-4B34-B4EB-2E4C0958E0C9}.Release|Any CPU.ActiveCfg = Development
		{E8D1CC80-125F-4892-A7A1-B05E31FC21E7}.Debug|Any CPU.ActiveCfg = Development
		{E8D1CC80-125F-4892-A7A1-B05E31FC21E7}.Debug|Any CPU.Build.0 = Development
		{E8D1CC80-125F-4892-A7A1-B05E31FC21E7}.Debug|Any CPU.Deploy.0 = Development
		{E8D1CC80-125F-4892-A7A1-B05E31FC21E7}.DebugLocal|Any CPU.ActiveCfg = Development
		{E8D1CC80-125F-4892-A7A1-B05E31FC21E7}.DebugLocal|Any CPU.Build.0 = Development
		{E8D1CC80-125F-4892-A7A1-B05E31FC21E7}.DebugLocal|Any CPU.Deploy.0 = Development
		{E8D1CC80-125F-4892-A7A1-B05E31FC21E7}.Development|Any CPU.ActiveCfg = Development
		{E8D1CC80-125F-4892-A7A1-B05E31FC21E7}.Development|Any CPU.Build.0 = Development
		{E8D1CC80-125F-4892-A7A1-B05E31FC21E7}.Development|Any CPU.Deploy.0 = Development
		{E8D1CC80-125F-4892-A7A1-B05E31FC21E7}.Release|Any CPU.ActiveCfg = Development
		{E8D1CC80-125F-4892-A7A1-B05E31FC21E7}.Release|Any CPU.Build.0 = Development
		{E8D1CC80-125F-4892-A7A1-B05E31FC21E7}.Release|Any CPU.Deploy.0 = Development
		{35B5CB0D-AB6E-4E02-9B1F-B223BA32B231}.Debug|Any CPU.ActiveCfg = Development
		{35B5CB0D-AB6E-4E02-9B1F-B223BA32B231}.Debug|Any CPU.Build.0 = Development
		{35B5CB0D-AB6E-4E02-9B1F-B223BA32B231}.Debug|Any CPU.Deploy.0 = Development
		{35B5CB0D-AB6E-4E02-9B1F-B223BA32B231}.DebugLocal|Any CPU.ActiveCfg = Development
		{35B5CB0D-AB6E-4E02-9B1F-B223BA32B231}.DebugLocal|Any CPU.Build.0 = Development
		{35B5CB0D-AB6E-4E02-9B1F-B223BA32B231}.DebugLocal|Any CPU.Deploy.0 = Development
		{35B5CB0D-AB6E-4E02-9B1F-B223BA32B231}.Development|Any CPU.ActiveCfg = Development
		{35B5CB0D-AB6E-4E02-9B1F-B223BA32B231}.Development|Any CPU.Build.0 = Development
		{35B5CB0D-AB6E-4E02-9B1F-B223BA32B231}.Development|Any CPU.Deploy.0 = Development
		{35B5CB0D-AB6E-4E02-9B1F-B223BA32B231}.Release|Any CPU.ActiveCfg = Development
		{35B5CB0D-AB6E-4E02-9B1F-B223BA32B231}.Release|Any CPU.Build.0 = Development
		{35B5CB0D-AB6E-4E02-9B1F-B223BA32B231}.Release|Any CPU.Deploy.0 = Development
		{DD639229-CA27-4F36-9447-C55C871AC982}.Debug|Any CPU.ActiveCfg = Development
		{DD639229-CA27-4F36-9447-C55C871AC982}.Debug|Any CPU.Build.0 = Development
		{DD639229-CA27-4F36-9447-C55C871AC982}.Debug|Any CPU.Deploy.0 = Development
		{DD639229-CA27-4F36-9447-C55C871AC982}.DebugLocal|Any CPU.ActiveCfg = Development
		{DD639229-CA27-4F36-9447-C55C871AC982}.DebugLocal|Any CPU.Build.0 = Development
		{DD639229-CA27-4F36-9447-C55C871AC982}.DebugLocal|Any CPU.Deploy.0 = Development
		{DD639229-CA27-4F36-9447-C55C871AC982}.Development|Any CPU.ActiveCfg = Development
		{DD639229-CA27-4F36-9447-C55C871AC982}.Development|Any CPU.Build.0 = Development
		{DD639229-CA27-4F36-9447-C55C871AC982}.Development|Any CPU.Deploy.0 = Development
		{DD639229-CA27-4F36-9447-C55C871AC982}.Release|Any CPU.ActiveCfg = Development
		{DD639229-CA27-4F36-9447-C55C871AC982}.Release|Any CPU.Build.0 = Development
		{DD639229-CA27-4F36-9447-C55C871AC982}.Release|Any CPU.Deploy.0 = Development
		{71F02ED4-6A10-4D3A-A2A1-DA1BACF5606D}.Debug|Any CPU.ActiveCfg = Debug
		{71F02ED4-6A10-4D3A-A2A1-DA1BACF5606D}.Debug|Any CPU.Build.0 = Debug
		{71F02ED4-6A10-4D3A-A2A1-DA1BACF5606D}.Debug|Any CPU.Deploy.0 = Debug
		{71F02ED4-6A10-4D3A-A2A1-DA1BACF5606D}.DebugLocal|Any CPU.ActiveCfg = DebugLocal
		{71F02ED4-6A10-4D3A-A2A1-DA1BACF5606D}.DebugLocal|Any CPU.Build.0 = DebugLocal
		{71F02ED4-6A10-4D3A-A2A1-DA1BACF5606D}.Development|Any CPU.ActiveCfg = Debug
		{71F02ED4-6A10-4D3A-A2A1-DA1BACF5606D}.Development|Any CPU.Build.0 = Debug
		{71F02ED4-6A10-4D3A-A2A1-DA1BACF5606D}.Development|Any CPU.Deploy.0 = Debug
		{71F02ED4-6A10-4D3A-A2A1-DA1BACF5606D}.Release|Any CPU.ActiveCfg = Release
		{71F02ED4-6A10-4D3A-A2A1-DA1BACF5606D}.Release|Any CPU.Build.0 = Release
		{71F02ED4-6A10-4D3A-A2A1-DA1BACF5606D}.Release|Any CPU.Deploy.0 = Release
		{129FE923-CB22-4671-BEDC-9552BA15CFEE}.Debug|Any CPU.ActiveCfg = Development
		{129FE923-CB22-4671-BEDC-9552BA15CFEE}.Debug|Any CPU.Build.0 = Development
		{129FE923-CB22-4671-BEDC-9552BA15CFEE}.Debug|Any CPU.Deploy.0 = Development
		{129FE923-CB22-4671-BEDC-9552BA15CFEE}.DebugLocal|Any CPU.ActiveCfg = Development
		{129FE923-CB22-4671-BEDC-9552BA15CFEE}.DebugLocal|Any CPU.Build.0 = Development
		{129FE923-CB22-4671-BEDC-9552BA15CFEE}.DebugLocal|Any CPU.Deploy.0 = Development
		{129FE923-CB22-4671-BEDC-9552BA15CFEE}.Development|Any CPU.ActiveCfg = Development
		{129FE923-CB22-4671-BEDC-9552BA15CFEE}.Development|Any CPU.Build.0 = Development
		{129FE923-CB22-4671-BEDC-9552BA15CFEE}.Development|Any CPU.Deploy.0 = Development
		{129FE923-CB22-4671-BEDC-9552BA15CFEE}.Release|Any CPU.ActiveCfg = Development
		{129FE923-CB22-4671-BEDC-9552BA15CFEE}.Release|Any CPU.Build.0 = Development
		{129FE923-CB22-4671-BEDC-9552BA15CFEE}.Release|Any CPU.Deploy.0 = Development
		{5DD9BD6B-CB36-4515-B9E7-07C50C4525E5}.Debug|Any CPU.ActiveCfg = Development
		{5DD9BD6B-CB36-4515-B9E7-07C50C4525E5}.Debug|Any CPU.Build.0 = Development
		{5DD9BD6B-CB36-4515-B9E7-07C50C4525E5}.Debug|Any CPU.Deploy.0 = Development
		{5DD9BD6B-CB36-4515-B9E7-07C50C4525E5}.DebugLocal|Any CPU.ActiveCfg = Development
		{5DD9BD6B-CB36-4515-B9E7-07C50C4525E5}.DebugLocal|Any CPU.Build.0 = Development
		{5DD9BD6B-CB36-4515-B9E7-07C50C4525E5}.DebugLocal|Any CPU.Deploy.0 = Development
		{5DD9BD6B-CB36-4515-B9E7-07C50C4525E5}.Development|Any CPU.ActiveCfg = Development
		{5DD9BD6B-CB36-4515-B9E7-07C50C4525E5}.Development|Any CPU.Build.0 = Development
		{5DD9BD6B-CB36-4515-B9E7-07C50C4525E5}.Development|Any CPU.Deploy.0 = Development
		{5DD9BD6B-CB36-4515-B9E7-07C50C4525E5}.Release|Any CPU.ActiveCfg = Development
		{5DD9BD6B-CB36-4515-B9E7-07C50C4525E5}.Release|Any CPU.Build.0 = Development
		{5DD9BD6B-CB36-4515-B9E7-07C50C4525E5}.Release|Any CPU.Deploy.0 = Development
		{9CE9AD4C-12DE-4B3F-BB48-08FE753594E7}.Debug|Any CPU.ActiveCfg = Development
		{9CE9AD4C-12DE-4B3F-BB48-08FE753594E7}.Debug|Any CPU.Build.0 = Development
		{9CE9AD4C-12DE-4B3F-BB48-08FE753594E7}.Debug|Any CPU.Deploy.0 = Development
		{9CE9AD4C-12DE-4B3F-BB48-08FE753594E7}.DebugLocal|Any CPU.ActiveCfg = Development
		{9CE9AD4C-12DE-4B3F-BB48-08FE753594E7}.DebugLocal|Any CPU.Build.0 = Development
		{9CE9AD4C-12DE-4B3F-BB48-08FE753594E7}.DebugLocal|Any CPU.Deploy.0 = Development
		{9CE9AD4C-12DE-4B3F-BB48-08FE753594E7}.Development|Any CPU.ActiveCfg = Development
		{9CE9AD4C-12DE-4B3F-BB48-08FE753594E7}.Development|Any CPU.Build.0 = Development
		{9CE9AD4C-12DE-4B3F-BB48-08FE753594E7}.Development|Any CPU.Deploy.0 = Development
		{9CE9AD4C-12DE-4B3F-BB48-08FE753594E7}.Release|Any CPU.ActiveCfg = Development
		{9CE9AD4C-12DE-4B3F-BB48-08FE753594E7}.Release|Any CPU.Build.0 = Development
		{9CE9AD4C-12DE-4B3F-BB48-08FE753594E7}.Release|Any CPU.Deploy.0 = Development
		{5542B1A2-2248-44F5-AE1C-B3463D6AC06D}.Debug|Any CPU.ActiveCfg = Development
		{5542B1A2-2248-44F5-AE1C-B3463D6AC06D}.Debug|Any CPU.Build.0 = Development
		{5542B1A2-2248-44F5-AE1C-B3463D6AC06D}.Debug|Any CPU.Deploy.0 = Development
		{5542B1A2-2248-44F5-AE1C-B3463D6AC06D}.DebugLocal|Any CPU.ActiveCfg = Development
		{5542B1A2-2248-44F5-AE1C-B3463D6AC06D}.DebugLocal|Any CPU.Build.0 = Development
		{5542B1A2-2248-44F5-AE1C-B3463D6AC06D}.DebugLocal|Any CPU.Deploy.0 = Development
		{5542B1A2-2248-44F5-AE1C-B3463D6AC06D}.Development|Any CPU.ActiveCfg = Development
		{5542B1A2-2248-44F5-AE1C-B3463D6AC06D}.Development|Any CPU.Build.0 = Development
		{5542B1A2-2248-44F5-AE1C-B3463D6AC06D}.Development|Any CPU.Deploy.0 = Development
		{5542B1A2-2248-44F5-AE1C-B3463D6AC06D}.Release|Any CPU.ActiveCfg = Development
		{5542B1A2-2248-44F5-AE1C-B3463D6AC06D}.Release|Any CPU.Build.0 = Development
		{5542B1A2-2248-44F5-AE1C-B3463D6AC06D}.Release|Any CPU.Deploy.0 = Development
		{897A9CA8-A640-4C06-B0A7-684028512FF0}.Debug|Any CPU.ActiveCfg = Development
		{897A9CA8-A640-4C06-B0A7-684028512FF0}.Debug|Any CPU.Build.0 = Development
		{897A9CA8-A640-4C06-B0A7-684028512FF0}.Debug|Any CPU.Deploy.0 = Development
		{897A9CA8-A640-4C06-B0A7-684028512FF0}.DebugLocal|Any CPU.ActiveCfg = Development
		{897A9CA8-A640-4C06-B0A7-684028512FF0}.DebugLocal|Any CPU.Build.0 = Development
		{897A9CA8-A640-4C06-B0A7-684028512FF0}.DebugLocal|Any CPU.Deploy.0 = Development
		{897A9CA8-A640-4C06-B0A7-684028512FF0}.Development|Any CPU.ActiveCfg = Development
		{897A9CA8-A640-4C06-B0A7-684028512FF0}.Development|Any CPU.Build.0 = Development
		{897A9CA8-A640-4C06-B0A7-684028512FF0}.Development|Any CPU.Deploy.0 = Development
		{897A9CA8-A640-4C06-B0A7-684028512FF0}.Release|Any CPU.ActiveCfg = Development
		{897A9CA8-A640-4C06-B0A7-684028512FF0}.Release|Any CPU.Build.0 = Development
		{897A9CA8-A640-4C06-B0A7-684028512FF0}.Release|Any CPU.Deploy.0 = Development
	EndGlobalSection
	GlobalSection(SolutionProperties) = preSolution
		HideSolutionNode = FALSE
	EndGlobalSection
	GlobalSection(ExtensibilityGlobals) = postSolution
		SolutionGuid = {B16289C2-045C-4B1E-AFF6-307DF0517C47}
	EndGlobalSection
EndGlobal
